
Microsoft Visual Studio Solution File, Format Version 12.00
# Visual Studio Version 17
VisualStudioVersion = 17.11.35303.130
MinimumVisualStudioVersion = 10.0.40219.1
Project("{9A19103F-16F7-4668-BE54-9A1E7A4F7556}") = "MillionApplication", "MillionApplication\MillionApplication.csproj", "{9D713CFD-FABC-44A6-9383-2711914C02AD}"
EndProject
Project("{9A19103F-16F7-4668-BE54-9A1E7A4F7556}") = "MillionInfrastructure", "MillionInfrastructure\MillionInfrastructure.csproj", "{5C800BE6-752A-47C8-8004-296A73A8EA21}"
EndProject
Project("{9A19103F-16F7-4668-BE54-9A1E7A4F7556}") = "MillionWebApi", "MillionWebApi\MillionWebApi.csproj", "{72CDF9F0-9835-41B5-A8BA-2A7CC446A43B}"
EndProject
Project("{9A19103F-16F7-4668-BE54-9A1E7A4F7556}") = "MillionCore", "MillionCore\MillionCore.csproj", "{97D7FC7F-445B-4441-AC35-0BA29300A89C}"
EndProject
Project("{FAE04EC0-301F-11D3-BF4B-00C04F79EFBC}") = "MillionApplication.Test", "MillionApplication.Test\MillionApplication.Test.csproj", "{12C1A561-37BA-41CB-85EC-DE5FC2CED2C6}"
EndProject
Global
	GlobalSection(SolutionConfigurationPlatforms) = preSolution
		Debug|Any CPU = Debug|Any CPU
		Release|Any CPU = Release|Any CPU
	EndGlobalSection
	GlobalSection(ProjectConfigurationPlatforms) = postSolution
		{9D713CFD-FABC-44A6-9383-2711914C02AD}.Debug|Any CPU.ActiveCfg = Debug|Any CPU
		{9D713CFD-FABC-44A6-9383-2711914C02AD}.Debug|Any CPU.Build.0 = Debug|Any CPU
		{9D713CFD-FABC-44A6-9383-2711914C02AD}.Release|Any CPU.ActiveCfg = Release|Any CPU
		{9D713CFD-FABC-44A6-9383-2711914C02AD}.Release|Any CPU.Build.0 = Release|Any CPU
		{5C800BE6-752A-47C8-8004-296A73A8EA21}.Debug|Any CPU.ActiveCfg = Debug|Any CPU
		{5C800BE6-752A-47C8-8004-296A73A8EA21}.Debug|Any CPU.Build.0 = Debug|Any CPU
		{5C800BE6-752A-47C8-8004-296A73A8EA21}.Release|Any CPU.ActiveCfg = Release|Any CPU
		{5C800BE6-752A-47C8-8004-296A73A8EA21}.Release|Any CPU.Build.0 = Release|Any CPU
		{72CDF9F0-9835-41B5-A8BA-2A7CC446A43B}.Debug|Any CPU.ActiveCfg = Debug|Any CPU
		{72CDF9F0-9835-41B5-A8BA-2A7CC446A43B}.Debug|Any CPU.Build.0 = Debug|Any CPU
		{72CDF9F0-9835-41B5-A8BA-2A7CC446A43B}.Release|Any CPU.ActiveCfg = Release|Any CPU
		{72CDF9F0-9835-41B5-A8BA-2A7CC446A43B}.Release|Any CPU.Build.0 = Release|Any CPU
		{97D7FC7F-445B-4441-AC35-0BA29300A89C}.Debug|Any CPU.ActiveCfg = Debug|Any CPU
		{97D7FC7F-445B-4441-AC35-0BA29300A89C}.Debug|Any CPU.Build.0 = Debug|Any CPU
		{97D7FC7F-445B-4441-AC35-0BA29300A89C}.Release|Any CPU.ActiveCfg = Release|Any CPU
		{97D7FC7F-445B-4441-AC35-0BA29300A89C}.Release|Any CPU.Build.0 = Release|Any CPU
		{12C1A561-37BA-41CB-85EC-DE5FC2CED2C6}.Debug|Any CPU.ActiveCfg = Debug|Any CPU
		{12C1A561-37BA-41CB-85EC-DE5FC2CED2C6}.Debug|Any CPU.Build.0 = Debug|Any CPU
		{12C1A561-37BA-41CB-85EC-DE5FC2CED2C6}.Release|Any CPU.ActiveCfg = Release|Any CPU
		{12C1A561-37BA-41CB-85EC-DE5FC2CED2C6}.Release|Any CPU.Build.0 = Release|Any CPU
	EndGlobalSection
	GlobalSection(SolutionProperties) = preSolution
		HideSolutionNode = FALSE
	EndGlobalSection
	GlobalSection(ExtensibilityGlobals) = postSolution
		SolutionGuid = {1DBFD160-0ED0-4F62-AF06-5637D3EE11AC}
	EndGlobalSection
EndGlobal
